# This file is autogenerated, do not edit; changes may be undone by the next 'dep ensure'.


[[projects]]
  branch = "master"
  name = "github.com/gosuri/uitable"
  packages = [".","util/strutil","util/wordwrap"]
  revision = "36ee7e946282a3fb1cfecd476ddc9b35d8847e42"

[[projects]]
  name = "github.com/kpango/glg"
  packages = ["."]
  revision = "02a8fce1de21d494a290d837275f42471eff4b2e"
  version = "v1.0"

[[projects]]
  name = "github.com/mattn/go-runewidth"
  packages = ["."]
  revision = "9e777a8366cce605130a531d2cd6363d07ad7317"
  version = "v0.0.2"

[[projects]]
  name = "gopkg.in/ini.v1"
  packages = ["."]
  revision = "d3de07a94d22b4a0972deb4b96d790c2c0ce8333"
  version = "v1.28.0"

[solve-meta]
  analyzer-name = "dep"
  analyzer-version = 1
  inputs-digest = "b273dc15336bcf2715d1a6f66e6f8f201fea746a11d2fc31af68ed2c70619df8"
  solver-name = "gps-cdcl"
  solver-version = 1
